// !$*UTF8*$!
{
	archiveVersion = 1;
	classes = {
	};
	objectVersion = 51;
	objects = {

/* Begin PBXBuildFile section */
		0F828D7E10418E5E384EDF2D /* Pods_CS175ProjectTests.framework in Frameworks */ = {isa = PBXBuildFile; fileRef = A78488A0C693067506074152 /* Pods_CS175ProjectTests.framework */; };
		1A16CDB7E18D8409C8E9F7AE /* Pods_CS175Project_CS175ProjectUITests.framework in Frameworks */ = {isa = PBXBuildFile; fileRef = 2E681FD380058C19A4292082 /* Pods_CS175Project_CS175ProjectUITests.framework */; };
		330364C8262645BC003E1121 /* Funcs.swift in Sources */ = {isa = PBXBuildFile; fileRef = 330364C7262645BC003E1121 /* Funcs.swift */; };
		330364D026264749003E1121 /* GoogleService-Info.plist in Resources */ = {isa = PBXBuildFile; fileRef = 330364CF26264748003E1121 /* GoogleService-Info.plist */; };
		330364D126264749003E1121 /* GoogleService-Info.plist in Resources */ = {isa = PBXBuildFile; fileRef = 330364CF26264748003E1121 /* GoogleService-Info.plist */; };
		330364D226264749003E1121 /* GoogleService-Info.plist in Resources */ = {isa = PBXBuildFile; fileRef = 330364CF26264748003E1121 /* GoogleService-Info.plist */; };
		335B562026473DF0009CFF9E /* ProfileVC+CollectionVw.swift in Sources */ = {isa = PBXBuildFile; fileRef = 335B561F26473DF0009CFF9E /* ProfileVC+CollectionVw.swift */; };
		335B56252647B4D2009CFF9E /* VerticalCollectionView.swift in Sources */ = {isa = PBXBuildFile; fileRef = 335B56242647B4D2009CFF9E /* VerticalCollectionView.swift */; };
		337EAD4A2641DE8B00B2857C /* ExploreVC.swift in Sources */ = {isa = PBXBuildFile; fileRef = 337EAD492641DE8B00B2857C /* ExploreVC.swift */; };
		337EAD4F2641E12C00B2857C /* Extensions.swift in Sources */ = {isa = PBXBuildFile; fileRef = 337EAD4E2641E12C00B2857C /* Extensions.swift */; };
		337EAD732641E66C00B2857C /* SplashVC.swift in Sources */ = {isa = PBXBuildFile; fileRef = 337EAD722641E66C00B2857C /* SplashVC.swift */; };
		3391D5A8263CFC9E008174D6 /* Enum.swift in Sources */ = {isa = PBXBuildFile; fileRef = 3391D5A7263CFC9E008174D6 /* Enum.swift */; };
		3391D5AD263D00E9008174D6 /* TabVC.swift in Sources */ = {isa = PBXBuildFile; fileRef = 3391D5AC263D00E9008174D6 /* TabVC.swift */; };
		3392D3A826433A7300D845E1 /* LoginVC.swift in Sources */ = {isa = PBXBuildFile; fileRef = 3392D3A726433A7300D845E1 /* LoginVC.swift */; };
		3392D3AD26433DBC00D845E1 /* SignupEmailVC.swift in Sources */ = {isa = PBXBuildFile; fileRef = 3392D3AC26433DBC00D845E1 /* SignupEmailVC.swift */; };
		3392D3B226433DF900D845E1 /* SignupPasswordVC.swift in Sources */ = {isa = PBXBuildFile; fileRef = 3392D3B126433DF900D845E1 /* SignupPasswordVC.swift */; };
		3392D3B726433E4500D845E1 /* SignupUsernameVC.swift in Sources */ = {isa = PBXBuildFile; fileRef = 3392D3B626433E4500D845E1 /* SignupUsernameVC.swift */; };
		3392D3BC2643491C00D845E1 /* ProfileVC+Setup.swift in Sources */ = {isa = PBXBuildFile; fileRef = 3392D3BB2643491C00D845E1 /* ProfileVC+Setup.swift */; };
		3392D3C126434BE300D845E1 /* ProfileVC+Gestures.swift in Sources */ = {isa = PBXBuildFile; fileRef = 3392D3C026434BE300D845E1 /* ProfileVC+Gestures.swift */; };
		3392D3CA2644E79200D845E1 /* FilterOptionCell.swift in Sources */ = {isa = PBXBuildFile; fileRef = 3392D3C92644E79200D845E1 /* FilterOptionCell.swift */; };
		3392D3D22644F12C00D845E1 /* ProfileVC+Table.swift in Sources */ = {isa = PBXBuildFile; fileRef = 3392D3D12644F12C00D845E1 /* ProfileVC+Table.swift */; };
		3392D3D72644F17600D845E1 /* Constants.swift in Sources */ = {isa = PBXBuildFile; fileRef = 3392D3D62644F17600D845E1 /* Constants.swift */; };
		3392D3DC26452E5400D845E1 /* ClothingItemCell.swift in Sources */ = {isa = PBXBuildFile; fileRef = 3392D3DB26452E5400D845E1 /* ClothingItemCell.swift */; };
		3392D3E126452FB800D845E1 /* ClothingItem.swift in Sources */ = {isa = PBXBuildFile; fileRef = 3392D3E026452FB800D845E1 /* ClothingItem.swift */; };
		33C38AAA2651BF9000893ACB /* ClothingCollectionsCell.swift in Sources */ = {isa = PBXBuildFile; fileRef = 33C38AA92651BF9000893ACB /* ClothingCollectionsCell.swift */; };
		33C38ACF2651F42300893ACB /* ClothingCollection.swift in Sources */ = {isa = PBXBuildFile; fileRef = 33C38ACE2651F42300893ACB /* ClothingCollection.swift */; };
		33C38B022652148A00893ACB /* ExploreVC+Setup.swift in Sources */ = {isa = PBXBuildFile; fileRef = 33C38B012652148A00893ACB /* ExploreVC+Setup.swift */; };
		33C38B0726521E1300893ACB /* ExploreVC+CollectionVw.swift in Sources */ = {isa = PBXBuildFile; fileRef = 33C38B0626521E1300893ACB /* ExploreVC+CollectionVw.swift */; };
		33C38B0C2652312F00893ACB /* ExploreVC+Gestures.swift in Sources */ = {isa = PBXBuildFile; fileRef = 33C38B0B2652312F00893ACB /* ExploreVC+Gestures.swift */; };
		33FD9BA126263E1500A59045 /* AppDelegate.swift in Sources */ = {isa = PBXBuildFile; fileRef = 33FD9BA026263E1500A59045 /* AppDelegate.swift */; };
		33FD9BA326263E1500A59045 /* SceneDelegate.swift in Sources */ = {isa = PBXBuildFile; fileRef = 33FD9BA226263E1500A59045 /* SceneDelegate.swift */; };
		33FD9BA526263E1500A59045 /* ProfileVC.swift in Sources */ = {isa = PBXBuildFile; fileRef = 33FD9BA426263E1500A59045 /* ProfileVC.swift */; };
		33FD9BAA26263E1700A59045 /* Assets.xcassets in Resources */ = {isa = PBXBuildFile; fileRef = 33FD9BA926263E1700A59045 /* Assets.xcassets */; };
		33FD9BB826263E1700A59045 /* CS175ProjectTests.swift in Sources */ = {isa = PBXBuildFile; fileRef = 33FD9BB726263E1700A59045 /* CS175ProjectTests.swift */; };
		33FD9BC326263E1700A59045 /* CS175ProjectUITests.swift in Sources */ = {isa = PBXBuildFile; fileRef = 33FD9BC226263E1700A59045 /* CS175ProjectUITests.swift */; };
		81A1037F2C97776245E6E90B /* Pods_CS175Project.framework in Frameworks */ = {isa = PBXBuildFile; fileRef = BE39C9EF5F2151093C76F0E1 /* Pods_CS175Project.framework */; };
/* End PBXBuildFile section */

/* Begin PBXContainerItemProxy section */
		33FD9BB426263E1700A59045 /* PBXContainerItemProxy */ = {
			isa = PBXContainerItemProxy;
			containerPortal = 33FD9B9526263E1500A59045 /* Project object */;
			proxyType = 1;
			remoteGlobalIDString = 33FD9B9C26263E1500A59045;
			remoteInfo = CS175Project;
		};
		33FD9BBF26263E1700A59045 /* PBXContainerItemProxy */ = {
			isa = PBXContainerItemProxy;
			containerPortal = 33FD9B9526263E1500A59045 /* Project object */;
			proxyType = 1;
			remoteGlobalIDString = 33FD9B9C26263E1500A59045;
			remoteInfo = CS175Project;
		};
/* End PBXContainerItemProxy section */

/* Begin PBXFileReference section */
		1DACB95A04CC8240855B34DB /* Pods-CS175ProjectTests.release.xcconfig */ = {isa = PBXFileReference; includeInIndex = 1; lastKnownFileType = text.xcconfig; name = "Pods-CS175ProjectTests.release.xcconfig"; path = "Target Support Files/Pods-CS175ProjectTests/Pods-CS175ProjectTests.release.xcconfig"; sourceTree = "<group>"; };
		2E681FD380058C19A4292082 /* Pods_CS175Project_CS175ProjectUITests.framework */ = {isa = PBXFileReference; explicitFileType = wrapper.framework; includeInIndex = 0; path = Pods_CS175Project_CS175ProjectUITests.framework; sourceTree = BUILT_PRODUCTS_DIR; };
		3079AD6AC634E56F07EE7788 /* Pods-CS175Project.debug.xcconfig */ = {isa = PBXFileReference; includeInIndex = 1; lastKnownFileType = text.xcconfig; name = "Pods-CS175Project.debug.xcconfig"; path = "Target Support Files/Pods-CS175Project/Pods-CS175Project.debug.xcconfig"; sourceTree = "<group>"; };
		330364C7262645BC003E1121 /* Funcs.swift */ = {isa = PBXFileReference; lastKnownFileType = sourcecode.swift; path = Funcs.swift; sourceTree = "<group>"; };
		330364CF26264748003E1121 /* GoogleService-Info.plist */ = {isa = PBXFileReference; fileEncoding = 4; lastKnownFileType = text.plist.xml; name = "GoogleService-Info.plist"; path = "../../../../Downloads/GoogleService-Info.plist"; sourceTree = "<group>"; };
		335B561F26473DF0009CFF9E /* ProfileVC+CollectionVw.swift */ = {isa = PBXFileReference; lastKnownFileType = sourcecode.swift; path = "ProfileVC+CollectionVw.swift"; sourceTree = "<group>"; };
		335B56242647B4D2009CFF9E /* VerticalCollectionView.swift */ = {isa = PBXFileReference; lastKnownFileType = sourcecode.swift; path = VerticalCollectionView.swift; sourceTree = "<group>"; };
		337EAD492641DE8B00B2857C /* ExploreVC.swift */ = {isa = PBXFileReference; lastKnownFileType = sourcecode.swift; path = ExploreVC.swift; sourceTree = "<group>"; };
		337EAD4E2641E12C00B2857C /* Extensions.swift */ = {isa = PBXFileReference; lastKnownFileType = sourcecode.swift; path = Extensions.swift; sourceTree = "<group>"; };
		337EAD722641E66C00B2857C /* SplashVC.swift */ = {isa = PBXFileReference; lastKnownFileType = sourcecode.swift; path = SplashVC.swift; sourceTree = "<group>"; };
		3391D5A7263CFC9E008174D6 /* Enum.swift */ = {isa = PBXFileReference; lastKnownFileType = sourcecode.swift; path = Enum.swift; sourceTree = "<group>"; };
		3391D5AC263D00E9008174D6 /* TabVC.swift */ = {isa = PBXFileReference; lastKnownFileType = sourcecode.swift; path = TabVC.swift; sourceTree = "<group>"; };
		3392D3A726433A7300D845E1 /* LoginVC.swift */ = {isa = PBXFileReference; lastKnownFileType = sourcecode.swift; path = LoginVC.swift; sourceTree = "<group>"; };
		3392D3AC26433DBC00D845E1 /* SignupEmailVC.swift */ = {isa = PBXFileReference; lastKnownFileType = sourcecode.swift; path = SignupEmailVC.swift; sourceTree = "<group>"; };
		3392D3B126433DF900D845E1 /* SignupPasswordVC.swift */ = {isa = PBXFileReference; lastKnownFileType = sourcecode.swift; path = SignupPasswordVC.swift; sourceTree = "<group>"; };
		3392D3B626433E4500D845E1 /* SignupUsernameVC.swift */ = {isa = PBXFileReference; lastKnownFileType = sourcecode.swift; path = SignupUsernameVC.swift; sourceTree = "<group>"; };
		3392D3BB2643491C00D845E1 /* ProfileVC+Setup.swift */ = {isa = PBXFileReference; lastKnownFileType = sourcecode.swift; path = "ProfileVC+Setup.swift"; sourceTree = "<group>"; };
		3392D3C026434BE300D845E1 /* ProfileVC+Gestures.swift */ = {isa = PBXFileReference; lastKnownFileType = sourcecode.swift; path = "ProfileVC+Gestures.swift"; sourceTree = "<group>"; };
		3392D3C92644E79200D845E1 /* FilterOptionCell.swift */ = {isa = PBXFileReference; lastKnownFileType = sourcecode.swift; path = FilterOptionCell.swift; sourceTree = "<group>"; };
		3392D3D12644F12C00D845E1 /* ProfileVC+Table.swift */ = {isa = PBXFileReference; lastKnownFileType = sourcecode.swift; path = "ProfileVC+Table.swift"; sourceTree = "<group>"; };
		3392D3D62644F17600D845E1 /* Constants.swift */ = {isa = PBXFileReference; lastKnownFileType = sourcecode.swift; path = Constants.swift; sourceTree = "<group>"; };
		3392D3DB26452E5400D845E1 /* ClothingItemCell.swift */ = {isa = PBXFileReference; lastKnownFileType = sourcecode.swift; path = ClothingItemCell.swift; sourceTree = "<group>"; };
		3392D3E026452FB800D845E1 /* ClothingItem.swift */ = {isa = PBXFileReference; lastKnownFileType = sourcecode.swift; path = ClothingItem.swift; sourceTree = "<group>"; };
		33C38AA92651BF9000893ACB /* ClothingCollectionsCell.swift */ = {isa = PBXFileReference; lastKnownFileType = sourcecode.swift; path = ClothingCollectionsCell.swift; sourceTree = "<group>"; };
		33C38ACE2651F42300893ACB /* ClothingCollection.swift */ = {isa = PBXFileReference; lastKnownFileType = sourcecode.swift; path = ClothingCollection.swift; sourceTree = "<group>"; };
		33C38B012652148A00893ACB /* ExploreVC+Setup.swift */ = {isa = PBXFileReference; lastKnownFileType = sourcecode.swift; path = "ExploreVC+Setup.swift"; sourceTree = "<group>"; };
		33C38B0626521E1300893ACB /* ExploreVC+CollectionVw.swift */ = {isa = PBXFileReference; lastKnownFileType = sourcecode.swift; path = "ExploreVC+CollectionVw.swift"; sourceTree = "<group>"; };
		33C38B0B2652312F00893ACB /* ExploreVC+Gestures.swift */ = {isa = PBXFileReference; lastKnownFileType = sourcecode.swift; path = "ExploreVC+Gestures.swift"; sourceTree = "<group>"; };
		33FD9B9D26263E1500A59045 /* CS175Project.app */ = {isa = PBXFileReference; explicitFileType = wrapper.application; includeInIndex = 0; path = CS175Project.app; sourceTree = BUILT_PRODUCTS_DIR; };
		33FD9BA026263E1500A59045 /* AppDelegate.swift */ = {isa = PBXFileReference; lastKnownFileType = sourcecode.swift; path = AppDelegate.swift; sourceTree = "<group>"; };
		33FD9BA226263E1500A59045 /* SceneDelegate.swift */ = {isa = PBXFileReference; lastKnownFileType = sourcecode.swift; path = SceneDelegate.swift; sourceTree = "<group>"; };
		33FD9BA426263E1500A59045 /* ProfileVC.swift */ = {isa = PBXFileReference; lastKnownFileType = sourcecode.swift; path = ProfileVC.swift; sourceTree = "<group>"; };
		33FD9BA926263E1700A59045 /* Assets.xcassets */ = {isa = PBXFileReference; lastKnownFileType = folder.assetcatalog; path = Assets.xcassets; sourceTree = "<group>"; };
		33FD9BAE26263E1700A59045 /* Info.plist */ = {isa = PBXFileReference; lastKnownFileType = text.plist.xml; path = Info.plist; sourceTree = "<group>"; };
		33FD9BB326263E1700A59045 /* CS175ProjectTests.xctest */ = {isa = PBXFileReference; explicitFileType = wrapper.cfbundle; includeInIndex = 0; path = CS175ProjectTests.xctest; sourceTree = BUILT_PRODUCTS_DIR; };
		33FD9BB726263E1700A59045 /* CS175ProjectTests.swift */ = {isa = PBXFileReference; lastKnownFileType = sourcecode.swift; path = CS175ProjectTests.swift; sourceTree = "<group>"; };
		33FD9BB926263E1700A59045 /* Info.plist */ = {isa = PBXFileReference; lastKnownFileType = text.plist.xml; path = Info.plist; sourceTree = "<group>"; };
		33FD9BBE26263E1700A59045 /* CS175ProjectUITests.xctest */ = {isa = PBXFileReference; explicitFileType = wrapper.cfbundle; includeInIndex = 0; path = CS175ProjectUITests.xctest; sourceTree = BUILT_PRODUCTS_DIR; };
		33FD9BC226263E1700A59045 /* CS175ProjectUITests.swift */ = {isa = PBXFileReference; lastKnownFileType = sourcecode.swift; path = CS175ProjectUITests.swift; sourceTree = "<group>"; };
		33FD9BC426263E1700A59045 /* Info.plist */ = {isa = PBXFileReference; lastKnownFileType = text.plist.xml; path = Info.plist; sourceTree = "<group>"; };
		4ED64F8B951E3CD721A85DE9 /* Pods-CS175ProjectTests.debug.xcconfig */ = {isa = PBXFileReference; includeInIndex = 1; lastKnownFileType = text.xcconfig; name = "Pods-CS175ProjectTests.debug.xcconfig"; path = "Target Support Files/Pods-CS175ProjectTests/Pods-CS175ProjectTests.debug.xcconfig"; sourceTree = "<group>"; };
		5934250CF74C425AC054BAE0 /* Pods-CS175Project-CS175ProjectUITests.debug.xcconfig */ = {isa = PBXFileReference; includeInIndex = 1; lastKnownFileType = text.xcconfig; name = "Pods-CS175Project-CS175ProjectUITests.debug.xcconfig"; path = "Target Support Files/Pods-CS175Project-CS175ProjectUITests/Pods-CS175Project-CS175ProjectUITests.debug.xcconfig"; sourceTree = "<group>"; };
		A78488A0C693067506074152 /* Pods_CS175ProjectTests.framework */ = {isa = PBXFileReference; explicitFileType = wrapper.framework; includeInIndex = 0; path = Pods_CS175ProjectTests.framework; sourceTree = BUILT_PRODUCTS_DIR; };
		BE39C9EF5F2151093C76F0E1 /* Pods_CS175Project.framework */ = {isa = PBXFileReference; explicitFileType = wrapper.framework; includeInIndex = 0; path = Pods_CS175Project.framework; sourceTree = BUILT_PRODUCTS_DIR; };
		C14090405B805F2D524EA3B1 /* Pods-CS175Project.release.xcconfig */ = {isa = PBXFileReference; includeInIndex = 1; lastKnownFileType = text.xcconfig; name = "Pods-CS175Project.release.xcconfig"; path = "Target Support Files/Pods-CS175Project/Pods-CS175Project.release.xcconfig"; sourceTree = "<group>"; };
		D677266D287E824B5BA9DDAF /* Pods-CS175Project-CS175ProjectUITests.release.xcconfig */ = {isa = PBXFileReference; includeInIndex = 1; lastKnownFileType = text.xcconfig; name = "Pods-CS175Project-CS175ProjectUITests.release.xcconfig"; path = "Target Support Files/Pods-CS175Project-CS175ProjectUITests/Pods-CS175Project-CS175ProjectUITests.release.xcconfig"; sourceTree = "<group>"; };
/* End PBXFileReference section */

/* Begin PBXFrameworksBuildPhase section */
		33FD9B9A26263E1500A59045 /* Frameworks */ = {
			isa = PBXFrameworksBuildPhase;
			buildActionMask = 2147483647;
			files = (
				81A1037F2C97776245E6E90B /* Pods_CS175Project.framework in Frameworks */,
			);
			runOnlyForDeploymentPostprocessing = 0;
		};
		33FD9BB026263E1700A59045 /* Frameworks */ = {
			isa = PBXFrameworksBuildPhase;
			buildActionMask = 2147483647;
			files = (
				0F828D7E10418E5E384EDF2D /* Pods_CS175ProjectTests.framework in Frameworks */,
			);
			runOnlyForDeploymentPostprocessing = 0;
		};
		33FD9BBB26263E1700A59045 /* Frameworks */ = {
			isa = PBXFrameworksBuildPhase;
			buildActionMask = 2147483647;
			files = (
				1A16CDB7E18D8409C8E9F7AE /* Pods_CS175Project_CS175ProjectUITests.framework in Frameworks */,
			);
			runOnlyForDeploymentPostprocessing = 0;
		};
/* End PBXFrameworksBuildPhase section */

/* Begin PBXGroup section */
		330364C42626458B003E1121 /* Controller */ = {
			isa = PBXGroup;
			children = (
				33FD9BA426263E1500A59045 /* ProfileVC.swift */,
				3392D3BB2643491C00D845E1 /* ProfileVC+Setup.swift */,
				3392D3D12644F12C00D845E1 /* ProfileVC+Table.swift */,
				335B561F26473DF0009CFF9E /* ProfileVC+CollectionVw.swift */,
				3392D3C026434BE300D845E1 /* ProfileVC+Gestures.swift */,
				337EAD492641DE8B00B2857C /* ExploreVC.swift */,
				33C38B0626521E1300893ACB /* ExploreVC+CollectionVw.swift */,
				33C38B012652148A00893ACB /* ExploreVC+Setup.swift */,
				33C38B0B2652312F00893ACB /* ExploreVC+Gestures.swift */,
				3391D5AC263D00E9008174D6 /* TabVC.swift */,
				337EAD722641E66C00B2857C /* SplashVC.swift */,
				3392D3A726433A7300D845E1 /* LoginVC.swift */,
				3392D3AC26433DBC00D845E1 /* SignupEmailVC.swift */,
				3392D3B126433DF900D845E1 /* SignupPasswordVC.swift */,
				3392D3B626433E4500D845E1 /* SignupUsernameVC.swift */,
			);
			path = Controller;
			sourceTree = "<group>";
		};
		330364C526264591003E1121 /* View */ = {
			isa = PBXGroup;
			children = (
				3392D3C82644E78000D845E1 /* Cell */,
				335B56242647B4D2009CFF9E /* VerticalCollectionView.swift */,
			);
			path = View;
			sourceTree = "<group>";
		};
		330364C626264596003E1121 /* Model */ = {
			isa = PBXGroup;
			children = (
				3392D3E026452FB800D845E1 /* ClothingItem.swift */,
				33C38ACE2651F42300893ACB /* ClothingCollection.swift */,
			);
			path = Model;
			sourceTree = "<group>";
		};
		336A3E13B7F2C060035F0521 /* Pods */ = {
			isa = PBXGroup;
			children = (
				3079AD6AC634E56F07EE7788 /* Pods-CS175Project.debug.xcconfig */,
				C14090405B805F2D524EA3B1 /* Pods-CS175Project.release.xcconfig */,
				5934250CF74C425AC054BAE0 /* Pods-CS175Project-CS175ProjectUITests.debug.xcconfig */,
				D677266D287E824B5BA9DDAF /* Pods-CS175Project-CS175ProjectUITests.release.xcconfig */,
				4ED64F8B951E3CD721A85DE9 /* Pods-CS175ProjectTests.debug.xcconfig */,
				1DACB95A04CC8240855B34DB /* Pods-CS175ProjectTests.release.xcconfig */,
			);
			path = Pods;
			sourceTree = "<group>";
		};
		3392D3C82644E78000D845E1 /* Cell */ = {
			isa = PBXGroup;
			children = (
				3392D3C92644E79200D845E1 /* FilterOptionCell.swift */,
				3392D3DB26452E5400D845E1 /* ClothingItemCell.swift */,
				33C38AA92651BF9000893ACB /* ClothingCollectionsCell.swift */,
			);
			path = Cell;
			sourceTree = "<group>";
		};
		33FD9B9426263E1500A59045 = {
			isa = PBXGroup;
			children = (
				33FD9B9F26263E1500A59045 /* CS175Project */,
				33FD9BB626263E1700A59045 /* CS175ProjectTests */,
				33FD9BC126263E1700A59045 /* CS175ProjectUITests */,
				33FD9B9E26263E1500A59045 /* Products */,
				336A3E13B7F2C060035F0521 /* Pods */,
				A28EF0301EAD37C7029F7A36 /* Frameworks */,
			);
			sourceTree = "<group>";
		};
		33FD9B9E26263E1500A59045 /* Products */ = {
			isa = PBXGroup;
			children = (
				33FD9B9D26263E1500A59045 /* CS175Project.app */,
				33FD9BB326263E1700A59045 /* CS175ProjectTests.xctest */,
				33FD9BBE26263E1700A59045 /* CS175ProjectUITests.xctest */,
			);
			name = Products;
			sourceTree = "<group>";
		};
		33FD9B9F26263E1500A59045 /* CS175Project */ = {
			isa = PBXGroup;
			children = (
				33FD9BA026263E1500A59045 /* AppDelegate.swift */,
				33FD9BA226263E1500A59045 /* SceneDelegate.swift */,
				3392D3D62644F17600D845E1 /* Constants.swift */,
				330364C7262645BC003E1121 /* Funcs.swift */,
				3391D5A7263CFC9E008174D6 /* Enum.swift */,
				337EAD4E2641E12C00B2857C /* Extensions.swift */,
				330364C626264596003E1121 /* Model */,
				330364C526264591003E1121 /* View */,
				330364C42626458B003E1121 /* Controller */,
				33FD9BA926263E1700A59045 /* Assets.xcassets */,
				33FD9BAE26263E1700A59045 /* Info.plist */,
				330364CF26264748003E1121 /* GoogleService-Info.plist */,
			);
			path = CS175Project;
			sourceTree = "<group>";
		};
		33FD9BB626263E1700A59045 /* CS175ProjectTests */ = {
			isa = PBXGroup;
			children = (
				33FD9BB726263E1700A59045 /* CS175ProjectTests.swift */,
				33FD9BB926263E1700A59045 /* Info.plist */,
			);
			path = CS175ProjectTests;
			sourceTree = "<group>";
		};
		33FD9BC126263E1700A59045 /* CS175ProjectUITests */ = {
			isa = PBXGroup;
			children = (
				33FD9BC226263E1700A59045 /* CS175ProjectUITests.swift */,
				33FD9BC426263E1700A59045 /* Info.plist */,
			);
			path = CS175ProjectUITests;
			sourceTree = "<group>";
		};
		A28EF0301EAD37C7029F7A36 /* Frameworks */ = {
			isa = PBXGroup;
			children = (
				BE39C9EF5F2151093C76F0E1 /* Pods_CS175Project.framework */,
				2E681FD380058C19A4292082 /* Pods_CS175Project_CS175ProjectUITests.framework */,
				A78488A0C693067506074152 /* Pods_CS175ProjectTests.framework */,
			);
			name = Frameworks;
			sourceTree = "<group>";
		};
/* End PBXGroup section */

/* Begin PBXNativeTarget section */
		33FD9B9C26263E1500A59045 /* CS175Project */ = {
			isa = PBXNativeTarget;
			buildConfigurationList = 33FD9BC726263E1700A59045 /* Build configuration list for PBXNativeTarget "CS175Project" */;
			buildPhases = (
				CD9166A24A327204AC15F99E /* [CP] Check Pods Manifest.lock */,
				33FD9B9926263E1500A59045 /* Sources */,
				33FD9B9A26263E1500A59045 /* Frameworks */,
				33FD9B9B26263E1500A59045 /* Resources */,
				3D17B2B6BB139081C501C6CF /* [CP] Embed Pods Frameworks */,
			);
			buildRules = (
			);
			dependencies = (
			);
			name = CS175Project;
			productName = CS175Project;
			productReference = 33FD9B9D26263E1500A59045 /* CS175Project.app */;
			productType = "com.apple.product-type.application";
		};
		33FD9BB226263E1700A59045 /* CS175ProjectTests */ = {
			isa = PBXNativeTarget;
			buildConfigurationList = 33FD9BCA26263E1700A59045 /* Build configuration list for PBXNativeTarget "CS175ProjectTests" */;
			buildPhases = (
				AE98EEAF6DD9B49BF7AD86E7 /* [CP] Check Pods Manifest.lock */,
				33FD9BAF26263E1700A59045 /* Sources */,
				33FD9BB026263E1700A59045 /* Frameworks */,
				33FD9BB126263E1700A59045 /* Resources */,
			);
			buildRules = (
			);
			dependencies = (
				33FD9BB526263E1700A59045 /* PBXTargetDependency */,
			);
			name = CS175ProjectTests;
			productName = CS175ProjectTests;
			productReference = 33FD9BB326263E1700A59045 /* CS175ProjectTests.xctest */;
			productType = "com.apple.product-type.bundle.unit-test";
		};
		33FD9BBD26263E1700A59045 /* CS175ProjectUITests */ = {
			isa = PBXNativeTarget;
			buildConfigurationList = 33FD9BCD26263E1700A59045 /* Build configuration list for PBXNativeTarget "CS175ProjectUITests" */;
			buildPhases = (
				61DCC43861E5810CD7689E46 /* [CP] Check Pods Manifest.lock */,
				33FD9BBA26263E1700A59045 /* Sources */,
				33FD9BBB26263E1700A59045 /* Frameworks */,
				33FD9BBC26263E1700A59045 /* Resources */,
				54AD4CCB1D54E66AA0AA2B30 /* [CP] Embed Pods Frameworks */,
			);
			buildRules = (
			);
			dependencies = (
				33FD9BC026263E1700A59045 /* PBXTargetDependency */,
			);
			name = CS175ProjectUITests;
			productName = CS175ProjectUITests;
			productReference = 33FD9BBE26263E1700A59045 /* CS175ProjectUITests.xctest */;
			productType = "com.apple.product-type.bundle.ui-testing";
		};
/* End PBXNativeTarget section */

/* Begin PBXProject section */
		33FD9B9526263E1500A59045 /* Project object */ = {
			isa = PBXProject;
			attributes = {
				LastSwiftUpdateCheck = 1230;
				LastUpgradeCheck = 1230;
				TargetAttributes = {
					33FD9B9C26263E1500A59045 = {
						CreatedOnToolsVersion = 12.3;
					};
					33FD9BB226263E1700A59045 = {
						CreatedOnToolsVersion = 12.3;
						TestTargetID = 33FD9B9C26263E1500A59045;
					};
					33FD9BBD26263E1700A59045 = {
						CreatedOnToolsVersion = 12.3;
						TestTargetID = 33FD9B9C26263E1500A59045;
					};
				};
			};
			buildConfigurationList = 33FD9B9826263E1500A59045 /* Build configuration list for PBXProject "CS175Project" */;
			compatibilityVersion = "Xcode 9.3";
			developmentRegion = en;
			hasScannedForEncodings = 0;
			knownRegions = (
				en,
				Base,
			);
			mainGroup = 33FD9B9426263E1500A59045;
			productRefGroup = 33FD9B9E26263E1500A59045 /* Products */;
			projectDirPath = "";
			projectRoot = "";
			targets = (
				33FD9B9C26263E1500A59045 /* CS175Project */,
				33FD9BB226263E1700A59045 /* CS175ProjectTests */,
				33FD9BBD26263E1700A59045 /* CS175ProjectUITests */,
			);
		};
/* End PBXProject section */

/* Begin PBXResourcesBuildPhase section */
		33FD9B9B26263E1500A59045 /* Resources */ = {
			isa = PBXResourcesBuildPhase;
			buildActionMask = 2147483647;
			files = (
				33FD9BAA26263E1700A59045 /* Assets.xcassets in Resources */,
				330364D026264749003E1121 /* GoogleService-Info.plist in Resources */,
			);
			runOnlyForDeploymentPostprocessing = 0;
		};
		33FD9BB126263E1700A59045 /* Resources */ = {
			isa = PBXResourcesBuildPhase;
			buildActionMask = 2147483647;
			files = (
				330364D126264749003E1121 /* GoogleService-Info.plist in Resources */,
			);
			runOnlyForDeploymentPostprocessing = 0;
		};
		33FD9BBC26263E1700A59045 /* Resources */ = {
			isa = PBXResourcesBuildPhase;
			buildActionMask = 2147483647;
			files = (
				330364D226264749003E1121 /* GoogleService-Info.plist in Resources */,
			);
			runOnlyForDeploymentPostprocessing = 0;
		};
/* End PBXResourcesBuildPhase section */

/* Begin PBXShellScriptBuildPhase section */
		3D17B2B6BB139081C501C6CF /* [CP] Embed Pods Frameworks */ = {
			isa = PBXShellScriptBuildPhase;
			buildActionMask = 2147483647;
			files = (
			);
			inputFileListPaths = (
				"${PODS_ROOT}/Target Support Files/Pods-CS175Project/Pods-CS175Project-frameworks-${CONFIGURATION}-input-files.xcfilelist",
			);
			name = "[CP] Embed Pods Frameworks";
			outputFileListPaths = (
				"${PODS_ROOT}/Target Support Files/Pods-CS175Project/Pods-CS175Project-frameworks-${CONFIGURATION}-output-files.xcfilelist",
			);
			runOnlyForDeploymentPostprocessing = 0;
			shellPath = /bin/sh;
			shellScript = "\"${PODS_ROOT}/Target Support Files/Pods-CS175Project/Pods-CS175Project-frameworks.sh\"\n";
			showEnvVarsInLog = 0;
		};
		54AD4CCB1D54E66AA0AA2B30 /* [CP] Embed Pods Frameworks */ = {
			isa = PBXShellScriptBuildPhase;
			buildActionMask = 2147483647;
			files = (
			);
			inputFileListPaths = (
				"${PODS_ROOT}/Target Support Files/Pods-CS175Project-CS175ProjectUITests/Pods-CS175Project-CS175ProjectUITests-frameworks-${CONFIGURATION}-input-files.xcfilelist",
			);
			name = "[CP] Embed Pods Frameworks";
			outputFileListPaths = (
				"${PODS_ROOT}/Target Support Files/Pods-CS175Project-CS175ProjectUITests/Pods-CS175Project-CS175ProjectUITests-frameworks-${CONFIGURATION}-output-files.xcfilelist",
			);
			runOnlyForDeploymentPostprocessing = 0;
			shellPath = /bin/sh;
			shellScript = "\"${PODS_ROOT}/Target Support Files/Pods-CS175Project-CS175ProjectUITests/Pods-CS175Project-CS175ProjectUITests-frameworks.sh\"\n";
			showEnvVarsInLog = 0;
		};
		61DCC43861E5810CD7689E46 /* [CP] Check Pods Manifest.lock */ = {
			isa = PBXShellScriptBuildPhase;
			buildActionMask = 2147483647;
			files = (
			);
			inputFileListPaths = (
			);
			inputPaths = (
				"${PODS_PODFILE_DIR_PATH}/Podfile.lock",
				"${PODS_ROOT}/Manifest.lock",
			);
			name = "[CP] Check Pods Manifest.lock";
			outputFileListPaths = (
			);
			outputPaths = (
				"$(DERIVED_FILE_DIR)/Pods-CS175Project-CS175ProjectUITests-checkManifestLockResult.txt",
			);
			runOnlyForDeploymentPostprocessing = 0;
			shellPath = /bin/sh;
			shellScript = "diff \"${PODS_PODFILE_DIR_PATH}/Podfile.lock\" \"${PODS_ROOT}/Manifest.lock\" > /dev/null\nif [ $? != 0 ] ; then\n    # print error to STDERR\n    echo \"error: The sandbox is not in sync with the Podfile.lock. Run 'pod install' or update your CocoaPods installation.\" >&2\n    exit 1\nfi\n# This output is used by Xcode 'outputs' to avoid re-running this script phase.\necho \"SUCCESS\" > \"${SCRIPT_OUTPUT_FILE_0}\"\n";
			showEnvVarsInLog = 0;
		};
		AE98EEAF6DD9B49BF7AD86E7 /* [CP] Check Pods Manifest.lock */ = {
			isa = PBXShellScriptBuildPhase;
			buildActionMask = 2147483647;
			files = (
			);
			inputFileListPaths = (
			);
			inputPaths = (
				"${PODS_PODFILE_DIR_PATH}/Podfile.lock",
				"${PODS_ROOT}/Manifest.lock",
			);
			name = "[CP] Check Pods Manifest.lock";
			outputFileListPaths = (
			);
			outputPaths = (
				"$(DERIVED_FILE_DIR)/Pods-CS175ProjectTests-checkManifestLockResult.txt",
			);
			runOnlyForDeploymentPostprocessing = 0;
			shellPath = /bin/sh;
			shellScript = "diff \"${PODS_PODFILE_DIR_PATH}/Podfile.lock\" \"${PODS_ROOT}/Manifest.lock\" > /dev/null\nif [ $? != 0 ] ; then\n    # print error to STDERR\n    echo \"error: The sandbox is not in sync with the Podfile.lock. Run 'pod install' or update your CocoaPods installation.\" >&2\n    exit 1\nfi\n# This output is used by Xcode 'outputs' to avoid re-running this script phase.\necho \"SUCCESS\" > \"${SCRIPT_OUTPUT_FILE_0}\"\n";
			showEnvVarsInLog = 0;
		};
		CD9166A24A327204AC15F99E /* [CP] Check Pods Manifest.lock */ = {
			isa = PBXShellScriptBuildPhase;
			buildActionMask = 2147483647;
			files = (
			);
			inputFileListPaths = (
			);
			inputPaths = (
				"${PODS_PODFILE_DIR_PATH}/Podfile.lock",
				"${PODS_ROOT}/Manifest.lock",
			);
			name = "[CP] Check Pods Manifest.lock";
			outputFileListPaths = (
			);
			outputPaths = (
				"$(DERIVED_FILE_DIR)/Pods-CS175Project-checkManifestLockResult.txt",
			);
			runOnlyForDeploymentPostprocessing = 0;
			shellPath = /bin/sh;
			shellScript = "diff \"${PODS_PODFILE_DIR_PATH}/Podfile.lock\" \"${PODS_ROOT}/Manifest.lock\" > /dev/null\nif [ $? != 0 ] ; then\n    # print error to STDERR\n    echo \"error: The sandbox is not in sync with the Podfile.lock. Run 'pod install' or update your CocoaPods installation.\" >&2\n    exit 1\nfi\n# This output is used by Xcode 'outputs' to avoid re-running this script phase.\necho \"SUCCESS\" > \"${SCRIPT_OUTPUT_FILE_0}\"\n";
			showEnvVarsInLog = 0;
		};
/* End PBXShellScriptBuildPhase section */

/* Begin PBXSourcesBuildPhase section */
		33FD9B9926263E1500A59045 /* Sources */ = {
			isa = PBXSourcesBuildPhase;
			buildActionMask = 2147483647;
			files = (
				3392D3CA2644E79200D845E1 /* FilterOptionCell.swift in Sources */,
				3392D3C126434BE300D845E1 /* ProfileVC+Gestures.swift in Sources */,
				3391D5AD263D00E9008174D6 /* TabVC.swift in Sources */,
				33FD9BA526263E1500A59045 /* ProfileVC.swift in Sources */,
				3392D3AD26433DBC00D845E1 /* SignupEmailVC.swift in Sources */,
				33C38AAA2651BF9000893ACB /* ClothingCollectionsCell.swift in Sources */,
				3392D3B226433DF900D845E1 /* SignupPasswordVC.swift in Sources */,
				33C38ACF2651F42300893ACB /* ClothingCollection.swift in Sources */,
				335B562026473DF0009CFF9E /* ProfileVC+CollectionVw.swift in Sources */,
				330364C8262645BC003E1121 /* Funcs.swift in Sources */,
				3392D3D22644F12C00D845E1 /* ProfileVC+Table.swift in Sources */,
				337EAD4F2641E12C00B2857C /* Extensions.swift in Sources */,
				335B56252647B4D2009CFF9E /* VerticalCollectionView.swift in Sources */,
				3392D3A826433A7300D845E1 /* LoginVC.swift in Sources */,
				337EAD4A2641DE8B00B2857C /* ExploreVC.swift in Sources */,
				3392D3BC2643491C00D845E1 /* ProfileVC+Setup.swift in Sources */,
				33FD9BA126263E1500A59045 /* AppDelegate.swift in Sources */,
				3391D5A8263CFC9E008174D6 /* Enum.swift in Sources */,
				33FD9BA326263E1500A59045 /* SceneDelegate.swift in Sources */,
				3392D3B726433E4500D845E1 /* SignupUsernameVC.swift in Sources */,
				337EAD732641E66C00B2857C /* SplashVC.swift in Sources */,
				33C38B0726521E1300893ACB /* ExploreVC+CollectionVw.swift in Sources */,
				3392D3E126452FB800D845E1 /* ClothingItem.swift in Sources */,
				33C38B022652148A00893ACB /* ExploreVC+Setup.swift in Sources */,
				3392D3DC26452E5400D845E1 /* ClothingItemCell.swift in Sources */,
				33C38B0C2652312F00893ACB /* ExploreVC+Gestures.swift in Sources */,
				3392D3D72644F17600D845E1 /* Constants.swift in Sources */,
			);
			runOnlyForDeploymentPostprocessing = 0;
		};
		33FD9BAF26263E1700A59045 /* Sources */ = {
			isa = PBXSourcesBuildPhase;
			buildActionMask = 2147483647;
			files = (
				33FD9BB826263E1700A59045 /* CS175ProjectTests.swift in Sources */,
			);
			runOnlyForDeploymentPostprocessing = 0;
		};
		33FD9BBA26263E1700A59045 /* Sources */ = {
			isa = PBXSourcesBuildPhase;
			buildActionMask = 2147483647;
			files = (
				33FD9BC326263E1700A59045 /* CS175ProjectUITests.swift in Sources */,
			);
			runOnlyForDeploymentPostprocessing = 0;
		};
/* End PBXSourcesBuildPhase section */

/* Begin PBXTargetDependency section */
		33FD9BB526263E1700A59045 /* PBXTargetDependency */ = {
			isa = PBXTargetDependency;
			target = 33FD9B9C26263E1500A59045 /* CS175Project */;
			targetProxy = 33FD9BB426263E1700A59045 /* PBXContainerItemProxy */;
		};
		33FD9BC026263E1700A59045 /* PBXTargetDependency */ = {
			isa = PBXTargetDependency;
			target = 33FD9B9C26263E1500A59045 /* CS175Project */;
			targetProxy = 33FD9BBF26263E1700A59045 /* PBXContainerItemProxy */;
		};
/* End PBXTargetDependency section */

/* Begin XCBuildConfiguration section */
		33FD9BC526263E1700A59045 /* Debug */ = {
			isa = XCBuildConfiguration;
			buildSettings = {
				ALWAYS_SEARCH_USER_PATHS = NO;
				CLANG_ANALYZER_NONNULL = YES;
				CLANG_ANALYZER_NUMBER_OBJECT_CONVERSION = YES_AGGRESSIVE;
				CLANG_CXX_LANGUAGE_STANDARD = "gnu++14";
				CLANG_CXX_LIBRARY = "libc++";
				CLANG_ENABLE_MODULES = YES;
				CLANG_ENABLE_OBJC_ARC = YES;
				CLANG_ENABLE_OBJC_WEAK = YES;
				CLANG_WARN_BLOCK_CAPTURE_AUTORELEASING = YES;
				CLANG_WARN_BOOL_CONVERSION = YES;
				CLANG_WARN_COMMA = YES;
				CLANG_WARN_CONSTANT_CONVERSION = YES;
				CLANG_WARN_DEPRECATED_OBJC_IMPLEMENTATIONS = YES;
				CLANG_WARN_DIRECT_OBJC_ISA_USAGE = YES_ERROR;
				CLANG_WARN_DOCUMENTATION_COMMENTS = YES;
				CLANG_WARN_EMPTY_BODY = YES;
				CLANG_WARN_ENUM_CONVERSION = YES;
				CLANG_WARN_INFINITE_RECURSION = YES;
				CLANG_WARN_INT_CONVERSION = YES;
				CLANG_WARN_NON_LITERAL_NULL_CONVERSION = YES;
				CLANG_WARN_OBJC_IMPLICIT_RETAIN_SELF = YES;
				CLANG_WARN_OBJC_LITERAL_CONVERSION = YES;
				CLANG_WARN_OBJC_ROOT_CLASS = YES_ERROR;
				CLANG_WARN_QUOTED_INCLUDE_IN_FRAMEWORK_HEADER = YES;
				CLANG_WARN_RANGE_LOOP_ANALYSIS = YES;
				CLANG_WARN_STRICT_PROTOTYPES = YES;
				CLANG_WARN_SUSPICIOUS_MOVE = YES;
				CLANG_WARN_UNGUARDED_AVAILABILITY = YES_AGGRESSIVE;
				CLANG_WARN_UNREACHABLE_CODE = YES;
				CLANG_WARN__DUPLICATE_METHOD_MATCH = YES;
				COPY_PHASE_STRIP = NO;
				DEBUG_INFORMATION_FORMAT = dwarf;
				ENABLE_STRICT_OBJC_MSGSEND = YES;
				ENABLE_TESTABILITY = YES;
				GCC_C_LANGUAGE_STANDARD = gnu11;
				GCC_DYNAMIC_NO_PIC = NO;
				GCC_NO_COMMON_BLOCKS = YES;
				GCC_OPTIMIZATION_LEVEL = 0;
				GCC_PREPROCESSOR_DEFINITIONS = (
					"DEBUG=1",
					"$(inherited)",
				);
				GCC_WARN_64_TO_32_BIT_CONVERSION = YES;
				GCC_WARN_ABOUT_RETURN_TYPE = YES_ERROR;
				GCC_WARN_UNDECLARED_SELECTOR = YES;
				GCC_WARN_UNINITIALIZED_AUTOS = YES_AGGRESSIVE;
				GCC_WARN_UNUSED_FUNCTION = YES;
				GCC_WARN_UNUSED_VARIABLE = YES;
				IPHONEOS_DEPLOYMENT_TARGET = 13.0;
				MTL_ENABLE_DEBUG_INFO = INCLUDE_SOURCE;
				MTL_FAST_MATH = YES;
				ONLY_ACTIVE_ARCH = YES;
				SDKROOT = iphoneos;
				SWIFT_ACTIVE_COMPILATION_CONDITIONS = DEBUG;
				SWIFT_OPTIMIZATION_LEVEL = "-Onone";
			};
			name = Debug;
		};
		33FD9BC626263E1700A59045 /* Release */ = {
			isa = XCBuildConfiguration;
			buildSettings = {
				ALWAYS_SEARCH_USER_PATHS = NO;
				CLANG_ANALYZER_NONNULL = YES;
				CLANG_ANALYZER_NUMBER_OBJECT_CONVERSION = YES_AGGRESSIVE;
				CLANG_CXX_LANGUAGE_STANDARD = "gnu++14";
				CLANG_CXX_LIBRARY = "libc++";
				CLANG_ENABLE_MODULES = YES;
				CLANG_ENABLE_OBJC_ARC = YES;
				CLANG_ENABLE_OBJC_WEAK = YES;
				CLANG_WARN_BLOCK_CAPTURE_AUTORELEASING = YES;
				CLANG_WARN_BOOL_CONVERSION = YES;
				CLANG_WARN_COMMA = YES;
				CLANG_WARN_CONSTANT_CONVERSION = YES;
				CLANG_WARN_DEPRECATED_OBJC_IMPLEMENTATIONS = YES;
				CLANG_WARN_DIRECT_OBJC_ISA_USAGE = YES_ERROR;
				CLANG_WARN_DOCUMENTATION_COMMENTS = YES;
				CLANG_WARN_EMPTY_BODY = YES;
				CLANG_WARN_ENUM_CONVERSION = YES;
				CLANG_WARN_INFINITE_RECURSION = YES;
				CLANG_WARN_INT_CONVERSION = YES;
				CLANG_WARN_NON_LITERAL_NULL_CONVERSION = YES;
				CLANG_WARN_OBJC_IMPLICIT_RETAIN_SELF = YES;
				CLANG_WARN_OBJC_LITERAL_CONVERSION = YES;
				CLANG_WARN_OBJC_ROOT_CLASS = YES_ERROR;
				CLANG_WARN_QUOTED_INCLUDE_IN_FRAMEWORK_HEADER = YES;
				CLANG_WARN_RANGE_LOOP_ANALYSIS = YES;
				CLANG_WARN_STRICT_PROTOTYPES = YES;
				CLANG_WARN_SUSPICIOUS_MOVE = YES;
				CLANG_WARN_UNGUARDED_AVAILABILITY = YES_AGGRESSIVE;
				CLANG_WARN_UNREACHABLE_CODE = YES;
				CLANG_WARN__DUPLICATE_METHOD_MATCH = YES;
				COPY_PHASE_STRIP = NO;
				DEBUG_INFORMATION_FORMAT = "dwarf-with-dsym";
				ENABLE_NS_ASSERTIONS = NO;
				ENABLE_STRICT_OBJC_MSGSEND = YES;
				GCC_C_LANGUAGE_STANDARD = gnu11;
				GCC_NO_COMMON_BLOCKS = YES;
				GCC_WARN_64_TO_32_BIT_CONVERSION = YES;
				GCC_WARN_ABOUT_RETURN_TYPE = YES_ERROR;
				GCC_WARN_UNDECLARED_SELECTOR = YES;
				GCC_WARN_UNINITIALIZED_AUTOS = YES_AGGRESSIVE;
				GCC_WARN_UNUSED_FUNCTION = YES;
				GCC_WARN_UNUSED_VARIABLE = YES;
				IPHONEOS_DEPLOYMENT_TARGET = 13.0;
				MTL_ENABLE_DEBUG_INFO = NO;
				MTL_FAST_MATH = YES;
				SDKROOT = iphoneos;
				SWIFT_COMPILATION_MODE = wholemodule;
				SWIFT_OPTIMIZATION_LEVEL = "-O";
				VALIDATE_PRODUCT = YES;
			};
			name = Release;
		};
		33FD9BC826263E1700A59045 /* Debug */ = {
			isa = XCBuildConfiguration;
			baseConfigurationReference = 3079AD6AC634E56F07EE7788 /* Pods-CS175Project.debug.xcconfig */;
			buildSettings = {
				ASSETCATALOG_COMPILER_APPICON_NAME = AppIcon;
				ASSETCATALOG_COMPILER_GLOBAL_ACCENT_COLOR_NAME = AccentColor;
				CODE_SIGN_STYLE = Automatic;
				DEVELOPMENT_TEAM = 6DJ78292P6;
				INFOPLIST_FILE = CS175Project/Info.plist;
				LD_RUNPATH_SEARCH_PATHS = (
					"$(inherited)",
					"@executable_path/Frameworks",
				);
				PRODUCT_BUNDLE_IDENTIFIER = destiny.hoch.CS175Project;
				PRODUCT_NAME = "$(TARGET_NAME)";
				SWIFT_VERSION = 5.0;
				TARGETED_DEVICE_FAMILY = "1,2";
			};
			name = Debug;
		};
		33FD9BC926263E1700A59045 /* Release */ = {
			isa = XCBuildConfiguration;
			baseConfigurationReference = C14090405B805F2D524EA3B1 /* Pods-CS175Project.release.xcconfig */;
			buildSettings = {
				ASSETCATALOG_COMPILER_APPICON_NAME = AppIcon;
				ASSETCATALOG_COMPILER_GLOBAL_ACCENT_COLOR_NAME = AccentColor;
				CODE_SIGN_STYLE = Automatic;
				DEVELOPMENT_TEAM = 6DJ78292P6;
				INFOPLIST_FILE = CS175Project/Info.plist;
				LD_RUNPATH_SEARCH_PATHS = (
					"$(inherited)",
					"@executable_path/Frameworks",
				);
				PRODUCT_BUNDLE_IDENTIFIER = destiny.hoch.CS175Project;
				PRODUCT_NAME = "$(TARGET_NAME)";
				SWIFT_VERSION = 5.0;
				TARGETED_DEVICE_FAMILY = "1,2";
			};
			name = Release;
		};
		33FD9BCB26263E1700A59045 /* Debug */ = {
			isa = XCBuildConfiguration;
			baseConfigurationReference = 4ED64F8B951E3CD721A85DE9 /* Pods-CS175ProjectTests.debug.xcconfig */;
			buildSettings = {
				ALWAYS_EMBED_SWIFT_STANDARD_LIBRARIES = YES;
				BUNDLE_LOADER = "$(TEST_HOST)";
				CODE_SIGN_STYLE = Automatic;
				DEVELOPMENT_TEAM = 6DJ78292P6;
				INFOPLIST_FILE = CS175ProjectTests/Info.plist;
				IPHONEOS_DEPLOYMENT_TARGET = 14.3;
				LD_RUNPATH_SEARCH_PATHS = (
					"$(inherited)",
					"@executable_path/Frameworks",
					"@loader_path/Frameworks",
				);
				PRODUCT_BUNDLE_IDENTIFIER = destiny.hoch.CS175ProjectTests;
				PRODUCT_NAME = "$(TARGET_NAME)";
				SWIFT_VERSION = 5.0;
				TARGETED_DEVICE_FAMILY = "1,2";
				TEST_HOST = "$(BUILT_PRODUCTS_DIR)/CS175Project.app/CS175Project";
			};
			name = Debug;
		};
		33FD9BCC26263E1700A59045 /* Release */ = {
			isa = XCBuildConfiguration;
			baseConfigurationReference = 1DACB95A04CC8240855B34DB /* Pods-CS175ProjectTests.release.xcconfig */;
			buildSettings = {
				ALWAYS_EMBED_SWIFT_STANDARD_LIBRARIES = YES;
				BUNDLE_LOADER = "$(TEST_HOST)";
				CODE_SIGN_STYLE = Automatic;
				DEVELOPMENT_TEAM = 6DJ78292P6;
				INFOPLIST_FILE = CS175ProjectTests/Info.plist;
				IPHONEOS_DEPLOYMENT_TARGET = 14.3;
				LD_RUNPATH_SEARCH_PATHS = (
					"$(inherited)",
					"@executable_path/Frameworks",
					"@loader_path/Frameworks",
				);
				PRODUCT_BUNDLE_IDENTIFIER = destiny.hoch.CS175ProjectTests;
				PRODUCT_NAME = "$(TARGET_NAME)";
				SWIFT_VERSION = 5.0;
				TARGETED_DEVICE_FAMILY = "1,2";
				TEST_HOST = "$(BUILT_PRODUCTS_DIR)/CS175Project.app/CS175Project";
			};
			name = Release;
		};
		33FD9BCE26263E1700A59045 /* Debug */ = {
			isa = XCBuildConfiguration;
			baseConfigurationReference = 5934250CF74C425AC054BAE0 /* Pods-CS175Project-CS175ProjectUITests.debug.xcconfig */;
			buildSettings = {
				ALWAYS_EMBED_SWIFT_STANDARD_LIBRARIES = YES;
				CODE_SIGN_STYLE = Automatic;
				DEVELOPMENT_TEAM = 6DJ78292P6;
				INFOPLIST_FILE = CS175ProjectUITests/Info.plist;
				LD_RUNPATH_SEARCH_PATHS = (
					"$(inherited)",
					"@executable_path/Frameworks",
					"@loader_path/Frameworks",
				);
				PRODUCT_BUNDLE_IDENTIFIER = destiny.hoch.CS175ProjectUITests;
				PRODUCT_NAME = "$(TARGET_NAME)";
				SWIFT_VERSION = 5.0;
				TARGETED_DEVICE_FAMILY = "1,2";
				TEST_TARGET_NAME = CS175Project;
			};
			name = Debug;
		};
		33FD9BCF26263E1700A59045 /* Release */ = {
			isa = XCBuildConfiguration;
			baseConfigurationReference = D677266D287E824B5BA9DDAF /* Pods-CS175Project-CS175ProjectUITests.release.xcconfig */;
			buildSettings = {
				ALWAYS_EMBED_SWIFT_STANDARD_LIBRARIES = YES;
				CODE_SIGN_STYLE = Automatic;
				DEVELOPMENT_TEAM = 6DJ78292P6;
				INFOPLIST_FILE = CS175ProjectUITests/Info.plist;
				LD_RUNPATH_SEARCH_PATHS = (
					"$(inherited)",
					"@executable_path/Frameworks",
					"@loader_path/Frameworks",
				);
				PRODUCT_BUNDLE_IDENTIFIER = destiny.hoch.CS175ProjectUITests;
				PRODUCT_NAME = "$(TARGET_NAME)";
				SWIFT_VERSION = 5.0;
				TARGETED_DEVICE_FAMILY = "1,2";
				TEST_TARGET_NAME = CS175Project;
			};
			name = Release;
		};
/* End XCBuildConfiguration section */

/* Begin XCConfigurationList section */
		33FD9B9826263E1500A59045 /* Build configuration list for PBXProject "CS175Project" */ = {
			isa = XCConfigurationList;
			buildConfigurations = (
				33FD9BC526263E1700A59045 /* Debug */,
				33FD9BC626263E1700A59045 /* Release */,
			);
			defaultConfigurationIsVisible = 0;
			defaultConfigurationName = Release;
		};
		33FD9BC726263E1700A59045 /* Build configuration list for PBXNativeTarget "CS175Project" */ = {
			isa = XCConfigurationList;
			buildConfigurations = (
				33FD9BC826263E1700A59045 /* Debug */,
				33FD9BC926263E1700A59045 /* Release */,
			);
			defaultConfigurationIsVisible = 0;
			defaultConfigurationName = Release;
		};
		33FD9BCA26263E1700A59045 /* Build configuration list for PBXNativeTarget "CS175ProjectTests" */ = {
			isa = XCConfigurationList;
			buildConfigurations = (
				33FD9BCB26263E1700A59045 /* Debug */,
				33FD9BCC26263E1700A59045 /* Release */,
			);
			defaultConfigurationIsVisible = 0;
			defaultConfigurationName = Release;
		};
		33FD9BCD26263E1700A59045 /* Build configuration list for PBXNativeTarget "CS175ProjectUITests" */ = {
			isa = XCConfigurationList;
			buildConfigurations = (
				33FD9BCE26263E1700A59045 /* Debug */,
				33FD9BCF26263E1700A59045 /* Release */,
			);
			defaultConfigurationIsVisible = 0;
			defaultConfigurationName = Release;
		};
/* End XCConfigurationList section */
	};
	rootObject = 33FD9B9526263E1500A59045 /* Project object */;
}
